ShopName: SellBlock
DisplayName: '&b&lSellBlock'
signs:
  text: '[SellBlock]'
  NeedPermissionToCreateSign: true
shop:

  Item_1_1:
    RewardType: points
    PriceType: item
    Price:
    - - type:COBBLESTONE
      - amount:1
    Reward: 1
    MenuItem:
    - type:COBBLESTONE
    - amount:1
    - name:&b1 Cobblestone
    - 'lore:&2Reward: 1 points'
    Message: '&eYou sold &eYou sold %price% for %reward% %rewardtype%!'
    InventoryLocation: 1
    ExtraPermission: ''

  Item_1_2:
    RewardType: points
    PriceType: item
    Price:
    - - type:COBBLESTONE
      - amount:2
    Reward: 2
    MenuItem:
    - type:COBBLESTONE
    - amount:2
    - name:&b2 Cobblestone
    - 'lore:&2Reward: 2 points'
    Message: '&eYou sold &eYou sold %price% for %reward% %rewardtype%!'
    InventoryLocation: 2
    ExtraPermission: ''

  Item_1_4:
    RewardType: points
    PriceType: item
    Price:
    - - type:COBBLESTONE
      - amount:4
    Reward: 4
    MenuItem:
    - type:COBBLESTONE
    - amount:4
    - name:&b4 Cobblestone
    - 'lore:&2Reward: 4 points'
    Message: '&eYou sold &eYou sold %price% for %reward% %rewardtype%!'
    InventoryLocation: 3
    ExtraPermission: ''

  Item_1_8:
    RewardType: points
    PriceType: item
    Price:
    - - type:COBBLESTONE
      - amount:8
    Reward: 8
    MenuItem:
    - type:COBBLESTONE
    - amount:8
    - name:&b8 Cobblestone
    - 'lore:&2Reward: 8 points'
    Message: '&eYou sold &eYou sold %price% for %reward% %rewardtype%!'
    InventoryLocation: 4
    ExtraPermission: ''

  Item_1_12:
    RewardType: points
    PriceType: item
    Price:
    - - type:COBBLESTONE
      - amount:12
    Reward: 12
    MenuItem:
    - type:COBBLESTONE
    - amount:12
    - name:&b12 Cobblestone
    - 'lore:&2Reward: 12 points'
    Message: '&eYou sold &eYou sold %price% for %reward% %rewardtype%!'
    InventoryLocation: 5
    ExtraPermission: ''

  Item_1_16:
    RewardType: points
    PriceType: item
    Price:
    - - type:COBBLESTONE
      - amount:16
    Reward: 16
    MenuItem:
    - type:COBBLESTONE
    - amount:16
    - name:&b16 Cobblestone
    - 'lore:&2Reward: 16 points'
    Message: '&eYou sold &eYou sold %price% for %reward% %rewardtype%!'
    InventoryLocation: 6
    ExtraPermission: ''

  Item_1_20:
    RewardType: points
    PriceType: item
    Price:
    - - type:COBBLESTONE
      - amount:20
    Reward: 20
    MenuItem:
    - type:COBBLESTONE
    - amount:20
    - name:&b20 Cobblestone
    - 'lore:&2Reward: 20 points'
    Message: '&eYou sold &eYou sold %price% for %reward% %rewardtype%!'
    InventoryLocation: 7
    ExtraPermission: ''

  Item_1_32:
    RewardType: points
    PriceType: item
    Price:
    - - type:COBBLESTONE
      - amount:32
    Reward: 32
    MenuItem:
    - type:COBBLESTONE
    - amount:32
    - name:&b32 Cobblestone
    - 'lore:&2Reward: 32 points'
    Message: '&eYou sold &eYou sold %price% for %reward% %rewardtype%!'
    InventoryLocation: 8
    ExtraPermission: ''

  Item_1_64:
    RewardType: points
    PriceType: item
    Price:
    - - type:COBBLESTONE
      - amount:64
    Reward: 64
    MenuItem:
    - type:COBBLESTONE
    - amount:64
    - name:&b64 Cobblestone
    - 'lore:&2Reward: 64 points'
    Message: '&eYou sold &eYou sold %price% for %reward% %rewardtype%!'
    InventoryLocation: 9
    ExtraPermission: ''

#---

  Item_2_1:
    RewardType: points
    PriceType: item
    Price:
    - - type:stone:1
      - amount:1
    Reward: 1
    MenuItem:
    - type:stone:1
    - amount:1
    - name:&b1 Granite
    - 'lore:&2Reward: 1 points'
    Message: '&eYou sold &eYou sold %price% for %reward% %rewardtype%!'
    InventoryLocation: 10
    ExtraPermission: ''

  Item_2_2:
    RewardType: points
    PriceType: item
    Price:
    - - type:stone:1
      - amount:2
    Reward: 2
    MenuItem:
    - type:stone:1
    - amount:2
    - name:&b2 Granite
    - 'lore:&2Reward: 2 points'
    Message: '&eYou sold &eYou sold %price% for %reward% %rewardtype%!'
    InventoryLocation: 11
    ExtraPermission: ''

  Item_2_4:
    RewardType: points
    PriceType: item
    Price:
    - - type:stone:1
      - amount:4
    Reward: 4
    MenuItem:
    - type:stone:1
    - amount:4
    - name:&b4 Granite
    - 'lore:&2Reward: 4 points'
    Message: '&eYou sold &eYou sold %price% for %reward% %rewardtype%!'
    InventoryLocation: 12
    ExtraPermission: ''

  Item_2_8:
    RewardType: points
    PriceType: item
    Price:
    - - type:stone:1
      - amount:8
    Reward: 8
    MenuItem:
    - type:stone:1
    - amount:8
    - name:&b8 Granite
    - 'lore:&2Reward: 8 points'
    Message: '&eYou sold &eYou sold %price% for %reward% %rewardtype%!'
    InventoryLocation: 13
    ExtraPermission: ''

  Item_2_12:
    RewardType: points
    PriceType: item
    Price:
    - - type:stone:1
      - amount:12
    Reward: 12
    MenuItem:
    - type:stone:1
    - amount:12
    - name:&b12 Granite
    - 'lore:&2Reward: 12 points'
    Message: '&eYou sold &eYou sold %price% for %reward% %rewardtype%!'
    InventoryLocation: 14
    ExtraPermission: ''

  Item_2_16:
    RewardType: points
    PriceType: item
    Price:
    - - type:stone:1
      - amount:16
    Reward: 16
    MenuItem:
    - type:stone:1
    - amount:16
    - name:&b16 Granite
    - 'lore:&2Reward: 16 points'
    Message: '&eYou sold &eYou sold %price% for %reward% %rewardtype%!'
    InventoryLocation: 15
    ExtraPermission: ''

  Item_2_20:
    RewardType: points
    PriceType: item
    Price:
    - - type:stone:1
      - amount:20
    Reward: 20
    MenuItem:
    - type:stone:1
    - amount:20
    - name:&b20 Granite
    - 'lore:&2Reward: 20 points'
    Message: '&eYou sold &eYou sold %price% for %reward% %rewardtype%!'
    InventoryLocation: 16
    ExtraPermission: ''

  Item_2_32:
    RewardType: points
    PriceType: item
    Price:
    - - type:stone:1
      - amount:32
    Reward: 32
    MenuItem:
    - type:stone:1
    - amount:32
    - name:&b32 Granite
    - 'lore:&2Reward: 32 points'
    Message: '&eYou sold &eYou sold %price% for %reward% %rewardtype%!'
    InventoryLocation: 17
    ExtraPermission: ''

  Item_2_64:
    RewardType: points
    PriceType: item
    Price:
    - - type:stone:1
      - amount:64
    Reward: 64
    MenuItem:
    - type:stone:1
    - amount:64
    - name:&b64 Granite
    - 'lore:&2Reward: 64 points'
    Message: '&eYou sold &eYou sold %price% for %reward% %rewardtype%!'
    InventoryLocation: 18
    ExtraPermission: ''

#---
# Diorite Stone:3

  Item_3_1:
    RewardType: points
    PriceType: item
    Price:
    - - type:stone:3
      - amount:1
    Reward: 1
    MenuItem:
    - type:stone:3
    - amount:1
    - name:&b1 Diorite
    - 'lore:&2Reward: 1 points'
    Message: '&eYou sold &eYou sold %price% for %reward% %rewardtype%!'
    InventoryLocation: 19
    ExtraPermission: ''

  Item_3_2:
    RewardType: points
    PriceType: item
    Price:
    - - type:stone:3
      - amount:2
    Reward: 2
    MenuItem:
    - type:stone:3
    - amount:2
    - name:&b2 Diorite
    - 'lore:&2Reward: 2 points'
    Message: '&eYou sold &eYou sold %price% for %reward% %rewardtype%!'
    InventoryLocation: 20
    ExtraPermission: ''

  Item_3_4:
    RewardType: points
    PriceType: item
    Price:
    - - type:stone:3
      - amount:4
    Reward: 4
    MenuItem:
    - type:stone:3
    - amount:4
    - name:&b4 Diorite
    - 'lore:&2Reward: 4 points'
    Message: '&eYou sold &eYou sold %price% for %reward% %rewardtype%!'
    InventoryLocation: 21
    ExtraPermission: ''

  Item_3_8:
    RewardType: points
    PriceType: item
    Price:
    - - type:stone:3
      - amount:8
    Reward: 8
    MenuItem:
    - type:stone:3
    - amount:8
    - name:&b8 Diorite
    - 'lore:&2Reward: 8 points'
    Message: '&eYou sold &eYou sold %price% for %reward% %rewardtype%!'
    InventoryLocation: 22
    ExtraPermission: ''

  Item_3_12:
    RewardType: points
    PriceType: item
    Price:
    - - type:stone:3
      - amount:12
    Reward: 12
    MenuItem:
    - type:stone:3
    - amount:12
    - name:&b12 Diorite
    - 'lore:&2Reward: 12 points'
    Message: '&eYou sold &eYou sold %price% for %reward% %rewardtype%!'
    InventoryLocation: 23
    ExtraPermission: ''

  Item_3_16:
    RewardType: points
    PriceType: item
    Price:
    - - type:stone:3
      - amount:16
    Reward: 16
    MenuItem:
    - type:stone:3
    - amount:16
    - name:&b16 Diorite
    - 'lore:&2Reward: 16 points'
    Message: '&eYou sold &eYou sold %price% for %reward% %rewardtype%!'
    InventoryLocation: 24
    ExtraPermission: ''

  Item_3_20:
    RewardType: points
    PriceType: item
    Price:
    - - type:stone:3
      - amount:20
    Reward: 20
    MenuItem:
    - type:stone:3
    - amount:20
    - name:&b20 Diorite
    - 'lore:&2Reward: 20 points'
    Message: '&eYou sold &eYou sold %price% for %reward% %rewardtype%!'
    InventoryLocation: 25
    ExtraPermission: ''

  Item_3_32:
    RewardType: points
    PriceType: item
    Price:
    - - type:stone:3
      - amount:32
    Reward: 32
    MenuItem:
    - type:stone:3
    - amount:32
    - name:&b32 Diorite
    - 'lore:&2Reward: 32 points'
    Message: '&eYou sold &eYou sold %price% for %reward% %rewardtype%!'
    InventoryLocation: 26
    ExtraPermission: ''

  Item_3_64:
    RewardType: points
    PriceType: item
    Price:
    - - type:stone:3
      - amount:64
    Reward: 64
    MenuItem:
    - type:stone:3
    - amount:64
    - name:&b64 Diorite
    - 'lore:&2Reward: 64 points'
    Message: '&eYou sold &eYou sold %price% for %reward% %rewardtype%!'
    InventoryLocation: 27
    ExtraPermission: ''

#---

  Item_4_1:
    RewardType: points
    PriceType: item
    Price:
    - - type:stone:5
      - amount:1
    Reward: 1
    MenuItem:
    - type:stone:5
    - amount:1
    - name:&b1 Andesite
    - 'lore:&2Reward: 1 points'
    Message: '&eYou sold &eYou sold %price% for %reward% %rewardtype%!'
    InventoryLocation: 28
    ExtraPermission: ''

  Item_4_2:
    RewardType: points
    PriceType: item
    Price:
    - - type:stone:5
      - amount:2
    Reward: 2
    MenuItem:
    - type:stone:5
    - amount:2
    - name:&b2 Andesite
    - 'lore:&2Reward: 2 points'
    Message: '&eYou sold &eYou sold %price% for %reward% %rewardtype%!'
    InventoryLocation: 29
    ExtraPermission: ''

  Item_4_4:
    RewardType: points
    PriceType: item
    Price:
    - - type:stone:5
      - amount:4
    Reward: 4
    MenuItem:
    - type:stone:5
    - amount:4
    - name:&b4 Andesite
    - 'lore:&2Reward: 4 points'
    Message: '&eYou sold &eYou sold %price% for %reward% %rewardtype%!'
    InventoryLocation: 30
    ExtraPermission: ''

  Item_4_8:
    RewardType: points
    PriceType: item
    Price:
    - - type:stone:5
      - amount:8
    Reward: 8
    MenuItem:
    - type:stone:5
    - amount:8
    - name:&b8 Andesite
    - 'lore:&2Reward: 8 points'
    Message: '&eYou sold &eYou sold %price% for %reward% %rewardtype%!'
    InventoryLocation: 31
    ExtraPermission: ''

  Item_4_12:
    RewardType: points
    PriceType: item
    Price:
    - - type:stone:5
      - amount:12
    Reward: 12
    MenuItem:
    - type:stone:5
    - amount:12
    - name:&b12 Andesite
    - 'lore:&2Reward: 12 points'
    Message: '&eYou sold &eYou sold %price% for %reward% %rewardtype%!'
    InventoryLocation: 32
    ExtraPermission: ''

  Item_4_16:
    RewardType: points
    PriceType: item
    Price:
    - - type:stone:5
      - amount:16
    Reward: 16
    MenuItem:
    - type:stone:5
    - amount:16
    - name:&b16 Andesite
    - 'lore:&2Reward: 16 points'
    Message: '&eYou sold &eYou sold %price% for %reward% %rewardtype%!'
    InventoryLocation: 33
    ExtraPermission: ''

  Item_4_20:
    RewardType: points
    PriceType: item
    Price:
    - - type:stone:5
      - amount:20
    Reward: 20
    MenuItem:
    - type:stone:5
    - amount:20
    - name:&b20 Andesite
    - 'lore:&2Reward: 20 points'
    Message: '&eYou sold &eYou sold %price% for %reward% %rewardtype%!'
    InventoryLocation: 34
    ExtraPermission: ''

  Item_4_32:
    RewardType: points
    PriceType: item
    Price:
    - - type:stone:5
      - amount:32
    Reward: 32
    MenuItem:
    - type:stone:5
    - amount:32
    - name:&b32 Andesite
    - 'lore:&2Reward: 32 points'
    Message: '&eYou sold &eYou sold %price% for %reward% %rewardtype%!'
    InventoryLocation: 35
    ExtraPermission: ''

  Item_4_64:
    RewardType: points
    PriceType: item
    Price:
    - - type:stone:5
      - amount:64
    Reward: 64
    MenuItem:
    - type:stone:5
    - amount:64
    - name:&b64 Andesite
    - 'lore:&2Reward: 64 points'
    Message: '&eYou sold &eYou sold %price% for %reward% %rewardtype%!'
    InventoryLocation: 36
    ExtraPermission: ''

#---

  Item_5_1:
    RewardType: points
    PriceType: item
    Price:
    - - type:Brick
      - amount:1
    Reward: 1
    MenuItem:
    - type:Brick
    - amount:1
    - name:&b1 Brick
    - 'lore:&2Reward: 1 points'
    Message: '&eYou sold &eYou sold %price% for %reward% %rewardtype%!'
    InventoryLocation: 37
    ExtraPermission: ''

  Item_5_2:
    RewardType: points
    PriceType: item
    Price:
    - - type:Brick
      - amount:2
    Reward: 2
    MenuItem:
    - type:Brick
    - amount:2
    - name:&b2 Brick
    - 'lore:&2Reward: 2 points'
    Message: '&eYou sold &eYou sold %price% for %reward% %rewardtype%!'
    InventoryLocation: 38
    ExtraPermission: ''

  Item_5_4:
    RewardType: points
    PriceType: item
    Price:
    - - type:Brick
      - amount:4
    Reward: 4
    MenuItem:
    - type:Brick
    - amount:4
    - name:&b4 Brick
    - 'lore:&2Reward: 4 points'
    Message: '&eYou sold &eYou sold %price% for %reward% %rewardtype%!'
    InventoryLocation: 39
    ExtraPermission: ''

  Item_5_8:
    RewardType: points
    PriceType: item
    Price:
    - - type:Brick
      - amount:8
    Reward: 5
    MenuItem:
    - type:Brick
    - amount:8
    - name:&b8 Brick
    - 'lore:&2Reward: 8 points'
    Message: '&eYou sold &eYou sold %price% for %reward% %rewardtype%!'
    InventoryLocation: 40
    ExtraPermission: ''

  Item_5_12:
    RewardType: points
    PriceType: item
    Price:
    - - type:Brick
      - amount:12
    Reward: 12
    MenuItem:
    - type:Brick
    - amount:12
    - name:&b12 Brick
    - 'lore:&2Reward: 12 points'
    Message: '&eYou sold &eYou sold %price% for %reward% %rewardtype%!'
    InventoryLocation: 41
    ExtraPermission: ''

  Item_5_16:
    RewardType: points
    PriceType: item
    Price:
    - - type:Brick
      - amount:16
    Reward: 16
    MenuItem:
    - type:Brick
    - amount:16
    - name:&b16 Brick
    - 'lore:&2Reward: 16 points'
    Message: '&eYou sold &eYou sold %price% for %reward% %rewardtype%!'
    InventoryLocation: 42
    ExtraPermission: ''

  Item_5_20:
    RewardType: points
    PriceType: item
    Price:
    - - type:Brick
      - amount:20
    Reward: 20
    MenuItem:
    - type:Brick
    - amount:20
    - name:&b20 Brick
    - 'lore:&2Reward: 20 points'
    Message: '&eYou sold &eYou sold %price% for %reward% %rewardtype%!'
    InventoryLocation: 43
    ExtraPermission: ''

  Item_5_32:
    RewardType: points
    PriceType: item
    Price:
    - - type:Brick
      - amount:32
    Reward: 32
    MenuItem:
    - type:Brick
    - amount:32
    - name:&b32 Brick
    - 'lore:&2Reward: 32 points'
    Message: '&eYou sold &eYou sold %price% for %reward% %rewardtype%!'
    InventoryLocation: 44
    ExtraPermission: ''

  Item_5_64:
    RewardType: points
    PriceType: item
    Price:
    - - type:Brick
      - amount:64
    Reward: 64
    MenuItem:
    - type:Brick
    - amount:64
    - name:&b64 Brick
    - 'lore:&2Reward: 64 points'
    Message: '&eYou sold &eYou sold %price% for %reward% %rewardtype%!'
    InventoryLocation: 45
    ExtraPermission: ''

#---

  Item_6_1:
    RewardType: points
    PriceType: item
    Price:
    - - type:obsidian
      - amount:1
    Reward: 5
    MenuItem:
    - type:obsidian
    - amount:1
    - name:&b1 obsidian
    - 'lore:&2Reward: 5 points'
    Message: '&eYou sold &eYou sold %price% for %reward% %rewardtype%!'
    InventoryLocation: 46
    ExtraPermission: ''

  Item_6_4:
    RewardType: points
    PriceType: item
    Price:
    - - type:obsidian
      - amount:4
    Reward: 20
    MenuItem:
    - type:obsidian
    - amount:4
    - name:&b4 obsidian
    - 'lore:&2Reward: 20 points'
    Message: '&eYou sold &eYou sold %price% for %reward% %rewardtype%!'
    InventoryLocation: 47
    ExtraPermission: ''

  Item_6_8:
    RewardType: points
    PriceType: item
    Price:
    - - type:obsidian
      - amount:8
    Reward: 40
    MenuItem:
    - type:obsidian
    - amount:8
    - name:&b8 obsidian
    - 'lore:&2Reward: 40 points'
    Message: '&eYou sold &eYou sold %price% for %reward% %rewardtype%!'
    InventoryLocation: 48
    ExtraPermission: ''

  Item_6_16:
    RewardType: points
    PriceType: item
    Price:
    - - type:obsidian
      - amount:16
    Reward: 80
    MenuItem:
    - type:obsidian
    - amount:16
    - name:&b16 obsidian
    - 'lore:&2Reward: 80 points'
    Message: '&eYou sold &eYou sold %price% for %reward% %rewardtype%!'
    InventoryLocation: 49
    ExtraPermission: ''

  Item_6_32:
    RewardType: points
    PriceType: item
    Price:
    - - type:obsidian
      - amount:32
    Reward: 160
    MenuItem:
    - type:obsidian
    - amount:32
    - name:&b32 obsidian
    - 'lore:&2Reward: 160 points'
    Message: '&eYou sold &eYou sold %price% for %reward% %rewardtype%!'
    InventoryLocation: 50
    ExtraPermission: ''

  Item_6_64:
    RewardType: points
    PriceType: item
    Price:
    - - type:obsidian
      - amount:64
    Reward: 320
    MenuItem:
    - type:obsidian
    - amount:64
    - name:&b64 obsidian
    - 'lore:&2Reward: 320 points'
    Message: '&eYou sold &eYou sold %price% for %reward% %rewardtype%!'
    InventoryLocation: 51
    ExtraPermission: ''

#---

  Back:
    RewardType: shop
    PriceType: free
    Reward: menu
    MenuItem:
    - type:REDSTONE
    - amount:1
    - name:&cBack
    - lore:&8Back to Menu
    Message: '&6Leaving the ItemShop...'
    InventoryLocation: 54
    ExtraPermission: ''
